
Microsoft Visual Studio Solution File, Format Version 12.00
# Visual Studio Version 17
VisualStudioVersion = 17.14.36429.23 d17.14
MinimumVisualStudioVersion = 10.0.40219.1
Project("{2150E333-8FDC-42A3-9474-1A3956D46DE8}") = "Task0", "Task0", "{02EA681E-C7D8-13C7-8484-4AC65E1B71E8}"
EndProject
Project("{FAE04EC0-301F-11D3-BF4B-00C04F79EFBC}") = "Tyuiu.MatveevaAA.Sprint3.Task0.V20", "Tyuiu.MatveevaAA.Sprint3.Task0.V20\Tyuiu.MatveevaAA.Sprint3.Task0.V20.csproj", "{708662C9-D7ED-4321-B48D-2097AC36B3E2}"
EndProject
Project("{FAE04EC0-301F-11D3-BF4B-00C04F79EFBC}") = "Tyuiu.MatveevaAA.Sprint3.Task0.V20.Lib", "Tyuiu.MatveevaAA.Sprint3.Task0.V20.Lib\Tyuiu.MatveevaAA.Sprint3.Task0.V20.Lib.csproj", "{C03513F1-3472-42A0-BC4E-F066C261B1E0}"
EndProject
Project("{FAE04EC0-301F-11D3-BF4B-00C04F79EFBC}") = "Tyuiu.MatveevaAA.Sprint3.Task0.V20.Test", "Tyuiu.MatveevaAA.Sprint3.Task0.V20.Test\Tyuiu.MatveevaAA.Sprint3.Task0.V20.Test.csproj", "{547EC511-1528-4ED3-8F46-06FEE6CC5F3C}"
EndProject
Project("{2150E333-8FDC-42A3-9474-1A3956D46DE8}") = "Task1", "Task1", "{2FB4BB10-EC05-4562-B6E5-50DE24B027E7}"
EndProject
Project("{FAE04EC0-301F-11D3-BF4B-00C04F79EFBC}") = "Tyuiu.MatveevaAA.Sprint3.Task1.V21", "Tyuiu.MatveevaAA.Sprint3.Task1.V21\Tyuiu.MatveevaAA.Sprint3.Task1.V21.csproj", "{BC7091D6-D1AA-417E-90D4-C9E40AF6049A}"
EndProject
Project("{FAE04EC0-301F-11D3-BF4B-00C04F79EFBC}") = "Tyuiu.MatveevaAA.Sprint3.Task1.V21.Lib", "Tyuiu.MatveevaAA.Sprint3.Task1.V21.Lib\Tyuiu.MatveevaAA.Sprint3.Task1.V21.Lib.csproj", "{5AA481A0-6ABA-4DCA-948C-4CA3DB6A4412}"
EndProject
Project("{FAE04EC0-301F-11D3-BF4B-00C04F79EFBC}") = "Tyuiu.MatveevaAA.Sprint3.Task1.V21.Test", "Tyuiu.MatveevaAA.Sprint3.Task1.V21.Test\Tyuiu.MatveevaAA.Sprint3.Task1.V21.Test.csproj", "{3297344E-967F-464F-9DE6-B888F3FC507B}"
EndProject
Project("{2150E333-8FDC-42A3-9474-1A3956D46DE8}") = "Task2", "Task2", "{FDEC5B49-12EA-446F-ACB3-A89F790884A4}"
EndProject
Project("{FAE04EC0-301F-11D3-BF4B-00C04F79EFBC}") = "Tyuiu.MatveevaAA.Sprint3.Task2.V14", "Tyuiu.MatveevaAA.Sprint3.Task2.V14\Tyuiu.MatveevaAA.Sprint3.Task2.V14.csproj", "{852A4648-2620-4CC7-A9DE-ACFC83D3BA4B}"
EndProject
Project("{FAE04EC0-301F-11D3-BF4B-00C04F79EFBC}") = "Tyuiu.MatveevaAA.Sprint3.Task2.V14.Lib", "Tyuiu.MatveevaAA.Sprint3.Task2.V14.Lib\Tyuiu.MatveevaAA.Sprint3.Task2.V14.Lib.csproj", "{ECA817F6-8ECA-4E98-BE08-E8352BD70DCB}"
EndProject
Project("{FAE04EC0-301F-11D3-BF4B-00C04F79EFBC}") = "Tyuiu.MatveevaAA.Sprint3.Task2.V14.Test", "Tyuiu.MatveevaAA.Sprint3.Task2.V14.Test\Tyuiu.MatveevaAA.Sprint3.Task2.V14.Test.csproj", "{C8A7EF62-8798-4611-BCD2-811A7D94B46C}"
EndProject
Global
	GlobalSection(SolutionConfigurationPlatforms) = preSolution
		Debug|Any CPU = Debug|Any CPU
		Release|Any CPU = Release|Any CPU
	EndGlobalSection
	GlobalSection(ProjectConfigurationPlatforms) = postSolution
		{708662C9-D7ED-4321-B48D-2097AC36B3E2}.Debug|Any CPU.ActiveCfg = Debug|Any CPU
		{708662C9-D7ED-4321-B48D-2097AC36B3E2}.Debug|Any CPU.Build.0 = Debug|Any CPU
		{708662C9-D7ED-4321-B48D-2097AC36B3E2}.Release|Any CPU.ActiveCfg = Release|Any CPU
		{708662C9-D7ED-4321-B48D-2097AC36B3E2}.Release|Any CPU.Build.0 = Release|Any CPU
		{C03513F1-3472-42A0-BC4E-F066C261B1E0}.Debug|Any CPU.ActiveCfg = Debug|Any CPU
		{C03513F1-3472-42A0-BC4E-F066C261B1E0}.Debug|Any CPU.Build.0 = Debug|Any CPU
		{C03513F1-3472-42A0-BC4E-F066C261B1E0}.Release|Any CPU.ActiveCfg = Release|Any CPU
		{C03513F1-3472-42A0-BC4E-F066C261B1E0}.Release|Any CPU.Build.0 = Release|Any CPU
		{547EC511-1528-4ED3-8F46-06FEE6CC5F3C}.Debug|Any CPU.ActiveCfg = Debug|Any CPU
		{547EC511-1528-4ED3-8F46-06FEE6CC5F3C}.Debug|Any CPU.Build.0 = Debug|Any CPU
		{547EC511-1528-4ED3-8F46-06FEE6CC5F3C}.Release|Any CPU.ActiveCfg = Release|Any CPU
		{547EC511-1528-4ED3-8F46-06FEE6CC5F3C}.Release|Any CPU.Build.0 = Release|Any CPU
		{BC7091D6-D1AA-417E-90D4-C9E40AF6049A}.Debug|Any CPU.ActiveCfg = Debug|Any CPU
		{BC7091D6-D1AA-417E-90D4-C9E40AF6049A}.Debug|Any CPU.Build.0 = Debug|Any CPU
		{BC7091D6-D1AA-417E-90D4-C9E40AF6049A}.Release|Any CPU.ActiveCfg = Release|Any CPU
		{BC7091D6-D1AA-417E-90D4-C9E40AF6049A}.Release|Any CPU.Build.0 = Release|Any CPU
		{5AA481A0-6ABA-4DCA-948C-4CA3DB6A4412}.Debug|Any CPU.ActiveCfg = Debug|Any CPU
		{5AA481A0-6ABA-4DCA-948C-4CA3DB6A4412}.Debug|Any CPU.Build.0 = Debug|Any CPU
		{5AA481A0-6ABA-4DCA-948C-4CA3DB6A4412}.Release|Any CPU.ActiveCfg = Release|Any CPU
		{5AA481A0-6ABA-4DCA-948C-4CA3DB6A4412}.Release|Any CPU.Build.0 = Release|Any CPU
		{3297344E-967F-464F-9DE6-B888F3FC507B}.Debug|Any CPU.ActiveCfg = Debug|Any CPU
		{3297344E-967F-464F-9DE6-B888F3FC507B}.Debug|Any CPU.Build.0 = Debug|Any CPU
		{3297344E-967F-464F-9DE6-B888F3FC507B}.Release|Any CPU.ActiveCfg = Release|Any CPU
		{3297344E-967F-464F-9DE6-B888F3FC507B}.Release|Any CPU.Build.0 = Release|Any CPU
		{852A4648-2620-4CC7-A9DE-ACFC83D3BA4B}.Debug|Any CPU.ActiveCfg = Debug|Any CPU
		{852A4648-2620-4CC7-A9DE-ACFC83D3BA4B}.Debug|Any CPU.Build.0 = Debug|Any CPU
		{852A4648-2620-4CC7-A9DE-ACFC83D3BA4B}.Release|Any CPU.ActiveCfg = Release|Any CPU
		{852A4648-2620-4CC7-A9DE-ACFC83D3BA4B}.Release|Any CPU.Build.0 = Release|Any CPU
		{ECA817F6-8ECA-4E98-BE08-E8352BD70DCB}.Debug|Any CPU.ActiveCfg = Debug|Any CPU
		{ECA817F6-8ECA-4E98-BE08-E8352BD70DCB}.Debug|Any CPU.Build.0 = Debug|Any CPU
		{ECA817F6-8ECA-4E98-BE08-E8352BD70DCB}.Release|Any CPU.ActiveCfg = Release|Any CPU
		{ECA817F6-8ECA-4E98-BE08-E8352BD70DCB}.Release|Any CPU.Build.0 = Release|Any CPU
		{C8A7EF62-8798-4611-BCD2-811A7D94B46C}.Debug|Any CPU.ActiveCfg = Debug|Any CPU
		{C8A7EF62-8798-4611-BCD2-811A7D94B46C}.Debug|Any CPU.Build.0 = Debug|Any CPU
		{C8A7EF62-8798-4611-BCD2-811A7D94B46C}.Release|Any CPU.ActiveCfg = Release|Any CPU
		{C8A7EF62-8798-4611-BCD2-811A7D94B46C}.Release|Any CPU.Build.0 = Release|Any CPU
	EndGlobalSection
	GlobalSection(SolutionProperties) = preSolution
		HideSolutionNode = FALSE
	EndGlobalSection
	GlobalSection(NestedProjects) = preSolution
		{708662C9-D7ED-4321-B48D-2097AC36B3E2} = {02EA681E-C7D8-13C7-8484-4AC65E1B71E8}
		{C03513F1-3472-42A0-BC4E-F066C261B1E0} = {02EA681E-C7D8-13C7-8484-4AC65E1B71E8}
		{547EC511-1528-4ED3-8F46-06FEE6CC5F3C} = {02EA681E-C7D8-13C7-8484-4AC65E1B71E8}
		{BC7091D6-D1AA-417E-90D4-C9E40AF6049A} = {2FB4BB10-EC05-4562-B6E5-50DE24B027E7}
		{5AA481A0-6ABA-4DCA-948C-4CA3DB6A4412} = {2FB4BB10-EC05-4562-B6E5-50DE24B027E7}
		{3297344E-967F-464F-9DE6-B888F3FC507B} = {2FB4BB10-EC05-4562-B6E5-50DE24B027E7}
		{852A4648-2620-4CC7-A9DE-ACFC83D3BA4B} = {FDEC5B49-12EA-446F-ACB3-A89F790884A4}
		{ECA817F6-8ECA-4E98-BE08-E8352BD70DCB} = {FDEC5B49-12EA-446F-ACB3-A89F790884A4}
		{C8A7EF62-8798-4611-BCD2-811A7D94B46C} = {FDEC5B49-12EA-446F-ACB3-A89F790884A4}
	EndGlobalSection
	GlobalSection(ExtensibilityGlobals) = postSolution
		SolutionGuid = {D961D484-2508-474C-8D52-EA1102ADD553}
	EndGlobalSection
EndGlobal
