
Microsoft Visual Studio Solution File, Format Version 12.00
# Visual Studio Version 17
VisualStudioVersion = 17.14.36429.23 d17.14
MinimumVisualStudioVersion = 10.0.40219.1
Project("{2150E333-8FDC-42A3-9474-1A3956D46DE8}") = "Task0", "Task0", "{02EA681E-C7D8-13C7-8484-4AC65E1B71E8}"
EndProject
Project("{FAE04EC0-301F-11D3-BF4B-00C04F79EFBC}") = "Tyuiu.MatveevaAA.Sprint3.Task0.V20", "Tyuiu.MatveevaAA.Sprint3.Task0.V20\Tyuiu.MatveevaAA.Sprint3.Task0.V20.csproj", "{708662C9-D7ED-4321-B48D-2097AC36B3E2}"
EndProject
Project("{FAE04EC0-301F-11D3-BF4B-00C04F79EFBC}") = "Tyuiu.MatveevaAA.Sprint3.Task0.V20.Lib", "Tyuiu.MatveevaAA.Sprint3.Task0.V20.Lib\Tyuiu.MatveevaAA.Sprint3.Task0.V20.Lib.csproj", "{C03513F1-3472-42A0-BC4E-F066C261B1E0}"
EndProject
Project("{FAE04EC0-301F-11D3-BF4B-00C04F79EFBC}") = "Tyuiu.MatveevaAA.Sprint3.Task0.V20.Test", "Tyuiu.MatveevaAA.Sprint3.Task0.V20.Test\Tyuiu.MatveevaAA.Sprint3.Task0.V20.Test.csproj", "{547EC511-1528-4ED3-8F46-06FEE6CC5F3C}"
EndProject
Project("{2150E333-8FDC-42A3-9474-1A3956D46DE8}") = "Task1", "Task1", "{2FB4BB10-EC05-4562-B6E5-50DE24B027E7}"
EndProject
Project("{FAE04EC0-301F-11D3-BF4B-00C04F79EFBC}") = "Tyuiu.MatveevaAA.Sprint3.Task1.V21", "Tyuiu.MatveevaAA.Sprint3.Task1.V21\Tyuiu.MatveevaAA.Sprint3.Task1.V21.csproj", "{BC7091D6-D1AA-417E-90D4-C9E40AF6049A}"
EndProject
Project("{FAE04EC0-301F-11D3-BF4B-00C04F79EFBC}") = "Tyuiu.MatveevaAA.Sprint3.Task1.V21.Lib", "Tyuiu.MatveevaAA.Sprint3.Task1.V21.Lib\Tyuiu.MatveevaAA.Sprint3.Task1.V21.Lib.csproj", "{5AA481A0-6ABA-4DCA-948C-4CA3DB6A4412}"
EndProject
Project("{FAE04EC0-301F-11D3-BF4B-00C04F79EFBC}") = "Tyuiu.MatveevaAA.Sprint3.Task1.V21.Test", "Tyuiu.MatveevaAA.Sprint3.Task1.V21.Test\Tyuiu.MatveevaAA.Sprint3.Task1.V21.Test.csproj", "{3297344E-967F-464F-9DE6-B888F3FC507B}"
EndProject
Project("{2150E333-8FDC-42A3-9474-1A3956D46DE8}") = "Task2", "Task2", "{FDEC5B49-12EA-446F-ACB3-A89F790884A4}"
EndProject
Project("{FAE04EC0-301F-11D3-BF4B-00C04F79EFBC}") = "Tyuiu.MatveevaAA.Sprint3.Task2.V14", "Tyuiu.MatveevaAA.Sprint3.Task2.V14\Tyuiu.MatveevaAA.Sprint3.Task2.V14.csproj", "{852A4648-2620-4CC7-A9DE-ACFC83D3BA4B}"
EndProject
Project("{FAE04EC0-301F-11D3-BF4B-00C04F79EFBC}") = "Tyuiu.MatveevaAA.Sprint3.Task2.V14.Lib", "Tyuiu.MatveevaAA.Sprint3.Task2.V14.Lib\Tyuiu.MatveevaAA.Sprint3.Task2.V14.Lib.csproj", "{ECA817F6-8ECA-4E98-BE08-E8352BD70DCB}"
EndProject
Project("{FAE04EC0-301F-11D3-BF4B-00C04F79EFBC}") = "Tyuiu.MatveevaAA.Sprint3.Task2.V14.Test", "Tyuiu.MatveevaAA.Sprint3.Task2.V14.Test\Tyuiu.MatveevaAA.Sprint3.Task2.V14.Test.csproj", "{C8A7EF62-8798-4611-BCD2-811A7D94B46C}"
EndProject
Project("{2150E333-8FDC-42A3-9474-1A3956D46DE8}") = "Task3", "Task3", "{C562402B-11D2-4011-9AB1-7236614A4713}"
EndProject
Project("{FAE04EC0-301F-11D3-BF4B-00C04F79EFBC}") = "Tyuiu.MatveevaAA.Sprint3.Task3.V22", "Tyuiu.MatveevaAA.Sprint3.Task3.V22\Tyuiu.MatveevaAA.Sprint3.Task3.V22.csproj", "{5C9BE6DB-043F-4EB8-A374-4858553AF6B2}"
EndProject
Project("{FAE04EC0-301F-11D3-BF4B-00C04F79EFBC}") = "Tyuiu.MatveevaAA.Sprint3.Task3.V22.Lib", "Tyuiu.MatveevaAA.Sprint3.Task3.V22.Lib\Tyuiu.MatveevaAA.Sprint3.Task3.V22.Lib.csproj", "{67F44F5A-9CBC-48CB-A7F1-C1123B1454A7}"
EndProject
Project("{FAE04EC0-301F-11D3-BF4B-00C04F79EFBC}") = "Tyuiu.MatveevaAA.Sprint3.Task3.V22.Test", "Tyuiu.MatveevaAA.Sprint3.Task3.V22.Test\Tyuiu.MatveevaAA.Sprint3.Task3.V22.Test.csproj", "{2AF302ED-0639-483A-9DC4-72E2930298D6}"
EndProject
Project("{2150E333-8FDC-42A3-9474-1A3956D46DE8}") = "Task4", "Task4", "{C880B9F2-0299-496F-AEBB-4EE16D054016}"
EndProject
Project("{FAE04EC0-301F-11D3-BF4B-00C04F79EFBC}") = "Tyuiu.MatveevaAA.Sprint3.Task4.V28", "Tyuiu.MatveevaAA.Sprint3.Task4.V28\Tyuiu.MatveevaAA.Sprint3.Task4.V28.csproj", "{F4C0E15C-C8C2-45DE-BA23-C2A566A91256}"
EndProject
Project("{FAE04EC0-301F-11D3-BF4B-00C04F79EFBC}") = "Tyuiu.MatveevaAA.Sprint3.Task4.V28.Lib", "Tyuiu.MatveevaAA.Sprint3.Task4.V28.Lib\Tyuiu.MatveevaAA.Sprint3.Task4.V28.Lib.csproj", "{CA066455-83AE-4A1C-8700-CAAC4BEA8F3D}"
EndProject
Project("{FAE04EC0-301F-11D3-BF4B-00C04F79EFBC}") = "Tyuiu.MatveevaAA.Sprint3.Task4.V28.Test", "Tyuiu.MatveevaAA.Sprint3.Task4.V28.Test\Tyuiu.MatveevaAA.Sprint3.Task4.V28.Test.csproj", "{960567DC-FFBA-4FEF-9D21-7CA12EF1E140}"
EndProject
Project("{2150E333-8FDC-42A3-9474-1A3956D46DE8}") = "Task5", "Task5", "{7E6689A0-0AC9-4D3A-90EE-10141D9F0A67}"
EndProject
Project("{FAE04EC0-301F-11D3-BF4B-00C04F79EFBC}") = "Tyuiu.MatveevaAA.Sprint3.Task5.V16", "Tyuiu.MatveevaAA.Sprint3.Task5.V16\Tyuiu.MatveevaAA.Sprint3.Task5.V16.csproj", "{B08ADB72-FFA7-4F73-B519-BEA211BD482F}"
EndProject
Project("{FAE04EC0-301F-11D3-BF4B-00C04F79EFBC}") = "Tyuiu.MatveevaAA.Sprint3.Task5.V16.Lib", "Tyuiu.MatveevaAA.Sprint3.Task5.V16.Lib\Tyuiu.MatveevaAA.Sprint3.Task5.V16.Lib.csproj", "{FB1ABA22-B3D0-430D-BF55-264B2047146B}"
EndProject
Project("{FAE04EC0-301F-11D3-BF4B-00C04F79EFBC}") = "Tyuiu.MatveevaAA.Sprint3.Task5.V16.Test", "Tyuiu.MatveevaAA.Sprint3.Task5.V16.Test\Tyuiu.MatveevaAA.Sprint3.Task5.V16.Test.csproj", "{B0B70998-2AD6-4B6C-9C3D-5F38E71E722E}"
EndProject
Project("{2150E333-8FDC-42A3-9474-1A3956D46DE8}") = "Task6", "Task6", "{145842F6-6747-4250-8366-F887217FDB30}"
EndProject
Project("{FAE04EC0-301F-11D3-BF4B-00C04F79EFBC}") = "Tyuiu.MatveevaAA.Sprint3.Task6.V13", "Tyuiu.MatveevaAA.Sprint3.Task6.V13\Tyuiu.MatveevaAA.Sprint3.Task6.V13.csproj", "{F020EF2C-0899-41CA-8E4A-4C472A8DB1A8}"
EndProject
Project("{FAE04EC0-301F-11D3-BF4B-00C04F79EFBC}") = "Tyuiu.MatveevaAA.Sprint3.Task6.V13.Lib", "Tyuiu.MatveevaAA.Sprint3.Task6.V13.Lib\Tyuiu.MatveevaAA.Sprint3.Task6.V13.Lib.csproj", "{28B84447-D8E1-42B0-9E63-042AB2A7D005}"
EndProject
Project("{FAE04EC0-301F-11D3-BF4B-00C04F79EFBC}") = "Tyuiu.MatveevaAA.Sprint3.Task6.V13.Test", "Tyuiu.MatveevaAA.Sprint3.Task6.V13.Test\Tyuiu.MatveevaAA.Sprint3.Task6.V13.Test.csproj", "{1DA84102-714E-462C-8713-D7914E91784F}"
EndProject
Global
	GlobalSection(SolutionConfigurationPlatforms) = preSolution
		Debug|Any CPU = Debug|Any CPU
		Release|Any CPU = Release|Any CPU
	EndGlobalSection
	GlobalSection(ProjectConfigurationPlatforms) = postSolution
		{708662C9-D7ED-4321-B48D-2097AC36B3E2}.Debug|Any CPU.ActiveCfg = Debug|Any CPU
		{708662C9-D7ED-4321-B48D-2097AC36B3E2}.Debug|Any CPU.Build.0 = Debug|Any CPU
		{708662C9-D7ED-4321-B48D-2097AC36B3E2}.Release|Any CPU.ActiveCfg = Release|Any CPU
		{708662C9-D7ED-4321-B48D-2097AC36B3E2}.Release|Any CPU.Build.0 = Release|Any CPU
		{C03513F1-3472-42A0-BC4E-F066C261B1E0}.Debug|Any CPU.ActiveCfg = Debug|Any CPU
		{C03513F1-3472-42A0-BC4E-F066C261B1E0}.Debug|Any CPU.Build.0 = Debug|Any CPU
		{C03513F1-3472-42A0-BC4E-F066C261B1E0}.Release|Any CPU.ActiveCfg = Release|Any CPU
		{C03513F1-3472-42A0-BC4E-F066C261B1E0}.Release|Any CPU.Build.0 = Release|Any CPU
		{547EC511-1528-4ED3-8F46-06FEE6CC5F3C}.Debug|Any CPU.ActiveCfg = Debug|Any CPU
		{547EC511-1528-4ED3-8F46-06FEE6CC5F3C}.Debug|Any CPU.Build.0 = Debug|Any CPU
		{547EC511-1528-4ED3-8F46-06FEE6CC5F3C}.Release|Any CPU.ActiveCfg = Release|Any CPU
		{547EC511-1528-4ED3-8F46-06FEE6CC5F3C}.Release|Any CPU.Build.0 = Release|Any CPU
		{BC7091D6-D1AA-417E-90D4-C9E40AF6049A}.Debug|Any CPU.ActiveCfg = Debug|Any CPU
		{BC7091D6-D1AA-417E-90D4-C9E40AF6049A}.Debug|Any CPU.Build.0 = Debug|Any CPU
		{BC7091D6-D1AA-417E-90D4-C9E40AF6049A}.Release|Any CPU.ActiveCfg = Release|Any CPU
		{BC7091D6-D1AA-417E-90D4-C9E40AF6049A}.Release|Any CPU.Build.0 = Release|Any CPU
		{5AA481A0-6ABA-4DCA-948C-4CA3DB6A4412}.Debug|Any CPU.ActiveCfg = Debug|Any CPU
		{5AA481A0-6ABA-4DCA-948C-4CA3DB6A4412}.Debug|Any CPU.Build.0 = Debug|Any CPU
		{5AA481A0-6ABA-4DCA-948C-4CA3DB6A4412}.Release|Any CPU.ActiveCfg = Release|Any CPU
		{5AA481A0-6ABA-4DCA-948C-4CA3DB6A4412}.Release|Any CPU.Build.0 = Release|Any CPU
		{3297344E-967F-464F-9DE6-B888F3FC507B}.Debug|Any CPU.ActiveCfg = Debug|Any CPU
		{3297344E-967F-464F-9DE6-B888F3FC507B}.Debug|Any CPU.Build.0 = Debug|Any CPU
		{3297344E-967F-464F-9DE6-B888F3FC507B}.Release|Any CPU.ActiveCfg = Release|Any CPU
		{3297344E-967F-464F-9DE6-B888F3FC507B}.Release|Any CPU.Build.0 = Release|Any CPU
		{852A4648-2620-4CC7-A9DE-ACFC83D3BA4B}.Debug|Any CPU.ActiveCfg = Debug|Any CPU
		{852A4648-2620-4CC7-A9DE-ACFC83D3BA4B}.Debug|Any CPU.Build.0 = Debug|Any CPU
		{852A4648-2620-4CC7-A9DE-ACFC83D3BA4B}.Release|Any CPU.ActiveCfg = Release|Any CPU
		{852A4648-2620-4CC7-A9DE-ACFC83D3BA4B}.Release|Any CPU.Build.0 = Release|Any CPU
		{ECA817F6-8ECA-4E98-BE08-E8352BD70DCB}.Debug|Any CPU.ActiveCfg = Debug|Any CPU
		{ECA817F6-8ECA-4E98-BE08-E8352BD70DCB}.Debug|Any CPU.Build.0 = Debug|Any CPU
		{ECA817F6-8ECA-4E98-BE08-E8352BD70DCB}.Release|Any CPU.ActiveCfg = Release|Any CPU
		{ECA817F6-8ECA-4E98-BE08-E8352BD70DCB}.Release|Any CPU.Build.0 = Release|Any CPU
		{C8A7EF62-8798-4611-BCD2-811A7D94B46C}.Debug|Any CPU.ActiveCfg = Debug|Any CPU
		{C8A7EF62-8798-4611-BCD2-811A7D94B46C}.Debug|Any CPU.Build.0 = Debug|Any CPU
		{C8A7EF62-8798-4611-BCD2-811A7D94B46C}.Release|Any CPU.ActiveCfg = Release|Any CPU
		{C8A7EF62-8798-4611-BCD2-811A7D94B46C}.Release|Any CPU.Build.0 = Release|Any CPU
		{5C9BE6DB-043F-4EB8-A374-4858553AF6B2}.Debug|Any CPU.ActiveCfg = Debug|Any CPU
		{5C9BE6DB-043F-4EB8-A374-4858553AF6B2}.Debug|Any CPU.Build.0 = Debug|Any CPU
		{5C9BE6DB-043F-4EB8-A374-4858553AF6B2}.Release|Any CPU.ActiveCfg = Release|Any CPU
		{5C9BE6DB-043F-4EB8-A374-4858553AF6B2}.Release|Any CPU.Build.0 = Release|Any CPU
		{67F44F5A-9CBC-48CB-A7F1-C1123B1454A7}.Debug|Any CPU.ActiveCfg = Debug|Any CPU
		{67F44F5A-9CBC-48CB-A7F1-C1123B1454A7}.Debug|Any CPU.Build.0 = Debug|Any CPU
		{67F44F5A-9CBC-48CB-A7F1-C1123B1454A7}.Release|Any CPU.ActiveCfg = Release|Any CPU
		{67F44F5A-9CBC-48CB-A7F1-C1123B1454A7}.Release|Any CPU.Build.0 = Release|Any CPU
		{2AF302ED-0639-483A-9DC4-72E2930298D6}.Debug|Any CPU.ActiveCfg = Debug|Any CPU
		{2AF302ED-0639-483A-9DC4-72E2930298D6}.Debug|Any CPU.Build.0 = Debug|Any CPU
		{2AF302ED-0639-483A-9DC4-72E2930298D6}.Release|Any CPU.ActiveCfg = Release|Any CPU
		{2AF302ED-0639-483A-9DC4-72E2930298D6}.Release|Any CPU.Build.0 = Release|Any CPU
		{F4C0E15C-C8C2-45DE-BA23-C2A566A91256}.Debug|Any CPU.ActiveCfg = Debug|Any CPU
		{F4C0E15C-C8C2-45DE-BA23-C2A566A91256}.Debug|Any CPU.Build.0 = Debug|Any CPU
		{F4C0E15C-C8C2-45DE-BA23-C2A566A91256}.Release|Any CPU.ActiveCfg = Release|Any CPU
		{F4C0E15C-C8C2-45DE-BA23-C2A566A91256}.Release|Any CPU.Build.0 = Release|Any CPU
		{CA066455-83AE-4A1C-8700-CAAC4BEA8F3D}.Debug|Any CPU.ActiveCfg = Debug|Any CPU
		{CA066455-83AE-4A1C-8700-CAAC4BEA8F3D}.Debug|Any CPU.Build.0 = Debug|Any CPU
		{CA066455-83AE-4A1C-8700-CAAC4BEA8F3D}.Release|Any CPU.ActiveCfg = Release|Any CPU
		{CA066455-83AE-4A1C-8700-CAAC4BEA8F3D}.Release|Any CPU.Build.0 = Release|Any CPU
		{960567DC-FFBA-4FEF-9D21-7CA12EF1E140}.Debug|Any CPU.ActiveCfg = Debug|Any CPU
		{960567DC-FFBA-4FEF-9D21-7CA12EF1E140}.Debug|Any CPU.Build.0 = Debug|Any CPU
		{960567DC-FFBA-4FEF-9D21-7CA12EF1E140}.Release|Any CPU.ActiveCfg = Release|Any CPU
		{960567DC-FFBA-4FEF-9D21-7CA12EF1E140}.Release|Any CPU.Build.0 = Release|Any CPU
		{B08ADB72-FFA7-4F73-B519-BEA211BD482F}.Debug|Any CPU.ActiveCfg = Debug|Any CPU
		{B08ADB72-FFA7-4F73-B519-BEA211BD482F}.Debug|Any CPU.Build.0 = Debug|Any CPU
		{B08ADB72-FFA7-4F73-B519-BEA211BD482F}.Release|Any CPU.ActiveCfg = Release|Any CPU
		{B08ADB72-FFA7-4F73-B519-BEA211BD482F}.Release|Any CPU.Build.0 = Release|Any CPU
		{FB1ABA22-B3D0-430D-BF55-264B2047146B}.Debug|Any CPU.ActiveCfg = Debug|Any CPU
		{FB1ABA22-B3D0-430D-BF55-264B2047146B}.Debug|Any CPU.Build.0 = Debug|Any CPU
		{FB1ABA22-B3D0-430D-BF55-264B2047146B}.Release|Any CPU.ActiveCfg = Release|Any CPU
		{FB1ABA22-B3D0-430D-BF55-264B2047146B}.Release|Any CPU.Build.0 = Release|Any CPU
		{B0B70998-2AD6-4B6C-9C3D-5F38E71E722E}.Debug|Any CPU.ActiveCfg = Debug|Any CPU
		{B0B70998-2AD6-4B6C-9C3D-5F38E71E722E}.Debug|Any CPU.Build.0 = Debug|Any CPU
		{B0B70998-2AD6-4B6C-9C3D-5F38E71E722E}.Release|Any CPU.ActiveCfg = Release|Any CPU
		{B0B70998-2AD6-4B6C-9C3D-5F38E71E722E}.Release|Any CPU.Build.0 = Release|Any CPU
		{F020EF2C-0899-41CA-8E4A-4C472A8DB1A8}.Debug|Any CPU.ActiveCfg = Debug|Any CPU
		{F020EF2C-0899-41CA-8E4A-4C472A8DB1A8}.Debug|Any CPU.Build.0 = Debug|Any CPU
		{F020EF2C-0899-41CA-8E4A-4C472A8DB1A8}.Release|Any CPU.ActiveCfg = Release|Any CPU
		{F020EF2C-0899-41CA-8E4A-4C472A8DB1A8}.Release|Any CPU.Build.0 = Release|Any CPU
		{28B84447-D8E1-42B0-9E63-042AB2A7D005}.Debug|Any CPU.ActiveCfg = Debug|Any CPU
		{28B84447-D8E1-42B0-9E63-042AB2A7D005}.Debug|Any CPU.Build.0 = Debug|Any CPU
		{28B84447-D8E1-42B0-9E63-042AB2A7D005}.Release|Any CPU.ActiveCfg = Release|Any CPU
		{28B84447-D8E1-42B0-9E63-042AB2A7D005}.Release|Any CPU.Build.0 = Release|Any CPU
		{1DA84102-714E-462C-8713-D7914E91784F}.Debug|Any CPU.ActiveCfg = Debug|Any CPU
		{1DA84102-714E-462C-8713-D7914E91784F}.Debug|Any CPU.Build.0 = Debug|Any CPU
		{1DA84102-714E-462C-8713-D7914E91784F}.Release|Any CPU.ActiveCfg = Release|Any CPU
		{1DA84102-714E-462C-8713-D7914E91784F}.Release|Any CPU.Build.0 = Release|Any CPU
	EndGlobalSection
	GlobalSection(SolutionProperties) = preSolution
		HideSolutionNode = FALSE
	EndGlobalSection
	GlobalSection(NestedProjects) = preSolution
		{708662C9-D7ED-4321-B48D-2097AC36B3E2} = {02EA681E-C7D8-13C7-8484-4AC65E1B71E8}
		{C03513F1-3472-42A0-BC4E-F066C261B1E0} = {02EA681E-C7D8-13C7-8484-4AC65E1B71E8}
		{547EC511-1528-4ED3-8F46-06FEE6CC5F3C} = {02EA681E-C7D8-13C7-8484-4AC65E1B71E8}
		{BC7091D6-D1AA-417E-90D4-C9E40AF6049A} = {2FB4BB10-EC05-4562-B6E5-50DE24B027E7}
		{5AA481A0-6ABA-4DCA-948C-4CA3DB6A4412} = {2FB4BB10-EC05-4562-B6E5-50DE24B027E7}
		{3297344E-967F-464F-9DE6-B888F3FC507B} = {2FB4BB10-EC05-4562-B6E5-50DE24B027E7}
		{852A4648-2620-4CC7-A9DE-ACFC83D3BA4B} = {FDEC5B49-12EA-446F-ACB3-A89F790884A4}
		{ECA817F6-8ECA-4E98-BE08-E8352BD70DCB} = {FDEC5B49-12EA-446F-ACB3-A89F790884A4}
		{C8A7EF62-8798-4611-BCD2-811A7D94B46C} = {FDEC5B49-12EA-446F-ACB3-A89F790884A4}
		{5C9BE6DB-043F-4EB8-A374-4858553AF6B2} = {C562402B-11D2-4011-9AB1-7236614A4713}
		{67F44F5A-9CBC-48CB-A7F1-C1123B1454A7} = {C562402B-11D2-4011-9AB1-7236614A4713}
		{2AF302ED-0639-483A-9DC4-72E2930298D6} = {C562402B-11D2-4011-9AB1-7236614A4713}
		{F4C0E15C-C8C2-45DE-BA23-C2A566A91256} = {C880B9F2-0299-496F-AEBB-4EE16D054016}
		{CA066455-83AE-4A1C-8700-CAAC4BEA8F3D} = {C880B9F2-0299-496F-AEBB-4EE16D054016}
		{960567DC-FFBA-4FEF-9D21-7CA12EF1E140} = {C880B9F2-0299-496F-AEBB-4EE16D054016}
		{B08ADB72-FFA7-4F73-B519-BEA211BD482F} = {7E6689A0-0AC9-4D3A-90EE-10141D9F0A67}
		{FB1ABA22-B3D0-430D-BF55-264B2047146B} = {7E6689A0-0AC9-4D3A-90EE-10141D9F0A67}
		{B0B70998-2AD6-4B6C-9C3D-5F38E71E722E} = {7E6689A0-0AC9-4D3A-90EE-10141D9F0A67}
		{F020EF2C-0899-41CA-8E4A-4C472A8DB1A8} = {145842F6-6747-4250-8366-F887217FDB30}
		{28B84447-D8E1-42B0-9E63-042AB2A7D005} = {145842F6-6747-4250-8366-F887217FDB30}
		{1DA84102-714E-462C-8713-D7914E91784F} = {145842F6-6747-4250-8366-F887217FDB30}
	EndGlobalSection
	GlobalSection(ExtensibilityGlobals) = postSolution
		SolutionGuid = {D961D484-2508-474C-8D52-EA1102ADD553}
	EndGlobalSection
EndGlobal
